
Microsoft Visual Studio Solution File, Format Version 12.00
# Visual Studio Version 17
VisualStudioVersion = 17.11.35327.3
MinimumVisualStudioVersion = 10.0.40219.1
Project("{2150E333-8FDC-42A3-9474-1A3956D46DE8}") = "Task0", "Task0", "{14A20819-D33B-4EDE-A54B-F3D4ADCAEAE5}"
EndProject
Project("{9A19103F-16F7-4668-BE54-9A1E7A4F7556}") = "Tyuiu.BilousEYu.Sprint4.Task0.V2", "Tyuiu.BilousEYu.Sprint4.Task0.V2\Tyuiu.BilousEYu.Sprint4.Task0.V2.csproj", "{9A73BB7D-CCDB-4FEE-A061-05FF89E5DF0D}"
EndProject
Project("{9A19103F-16F7-4668-BE54-9A1E7A4F7556}") = "Tyuiu.BilousEYu.Sprint4.Task0.V2.Lib", "Tyuiu.BilousEYu.Sprint4.Task0.V2.Lib\Tyuiu.BilousEYu.Sprint4.Task0.V2.Lib.csproj", "{A225413E-84CE-4113-8E06-5B5C8FF6A8D3}"
EndProject
Project("{9A19103F-16F7-4668-BE54-9A1E7A4F7556}") = "Tyuiu.BilousEYu.Sprint4.Task0.V2.Test", "Tyuiu.BilousEYu.Sprint4.Task0.V2.Test\Tyuiu.BilousEYu.Sprint4.Task0.V2.Test.csproj", "{2B57113B-B35F-4324-A07C-0C4665CF29F7}"
EndProject
Project("{2150E333-8FDC-42A3-9474-1A3956D46DE8}") = "Task1", "Task1", "{BFB458DB-C62C-4292-A3CE-1D9D3DB72E16}"
EndProject
Project("{9A19103F-16F7-4668-BE54-9A1E7A4F7556}") = "Tyuiu.BilousEYu.Sprint4.Task1.V14", "Tyuiu.BilousEYu.Sprint4.Task1.V14\Tyuiu.BilousEYu.Sprint4.Task1.V14.csproj", "{B43B0B8B-82D6-4372-81FA-2FFFD12F120C}"
EndProject
Project("{9A19103F-16F7-4668-BE54-9A1E7A4F7556}") = "Tyuiu.BilousEYu.Sprint4.Task1.V14.Lib", "Tyuiu.BilousEYu.Sprint4.Task1.V14.Lib\Tyuiu.BilousEYu.Sprint4.Task1.V14.Lib.csproj", "{424B38B6-7965-4076-9C54-AF3AB5C3222B}"
EndProject
Project("{9A19103F-16F7-4668-BE54-9A1E7A4F7556}") = "Tyuiu.BilousEYu.Sprint4.Task1.V14.Test", "Tyuiu.BilousEYu.Sprint4.Task1.V14.Test\Tyuiu.BilousEYu.Sprint4.Task1.V14.Test.csproj", "{230C8E72-1911-4645-8FA2-3806F8E54FA4}"
EndProject
Project("{2150E333-8FDC-42A3-9474-1A3956D46DE8}") = "Task2", "Task2", "{579EB1B8-4482-420F-BC56-2BB7739E72FF}"
EndProject
Project("{9A19103F-16F7-4668-BE54-9A1E7A4F7556}") = "Tyuiu.BilousEYu.Sprint4.Task2.V29.Lib", "Tyuiu.BilousEYu.Sprint4.Task2.V29.Lib\Tyuiu.BilousEYu.Sprint4.Task2.V29.Lib.csproj", "{94313DA0-54FE-4676-95C7-6CF9552FB7A8}"
EndProject
Project("{9A19103F-16F7-4668-BE54-9A1E7A4F7556}") = "Tyuiu.BilousEYu.Sprint4.Task2.V29", "Tyuiu.BilousEYu.Sprint4.Task2.V29\Tyuiu.BilousEYu.Sprint4.Task2.V29.csproj", "{17090C71-71C3-4EDE-9835-8084BBCBB3CD}"
EndProject
Project("{9A19103F-16F7-4668-BE54-9A1E7A4F7556}") = "Tyuiu.BilousEYu.Sprint4.Task2.V29.Test", "Tyuiu.BilousEYu.Sprint4.Task2.V29.Test\Tyuiu.BilousEYu.Sprint4.Task2.V29.Test.csproj", "{A477A967-D88E-4E3D-9BE7-6A07F6475ADC}"
EndProject
Project("{2150E333-8FDC-42A3-9474-1A3956D46DE8}") = "Task3", "Task3", "{2FCD0F00-49A0-4D96-9920-1630390D52AD}"
EndProject
Project("{FAE04EC0-301F-11D3-BF4B-00C04F79EFBC}") = "Tyuiu.BilousEYu.Sprint4.Task3.V10", "Tyuiu.BilousEYu.Sprint4.Task3.V10\Tyuiu.BilousEYu.Sprint4.Task3.V10.csproj", "{0356E2BE-A691-4934-AE4B-75F7454FF9D1}"
EndProject
Project("{FAE04EC0-301F-11D3-BF4B-00C04F79EFBC}") = "Tyuiu.BilousEYu.Sprint4.Task3.V10.Lib", "Tyuiu.BilousEYu.Sprint4.Task3.V10.Lib\Tyuiu.BilousEYu.Sprint4.Task3.V10.Lib.csproj", "{1B99F65B-28A8-41AA-A568-2A09F32800BC}"
EndProject
Project("{FAE04EC0-301F-11D3-BF4B-00C04F79EFBC}") = "Tyuiu.BilousEYu.Sprint4.Task3.V10.Test", "Tyuiu.BilousEYu.Sprint4.Task3.V10.Test\Tyuiu.BilousEYu.Sprint4.Task3.V10.Test.csproj", "{3CAEE7A4-7270-40D9-899C-70380921FA02}"
EndProject
Project("{2150E333-8FDC-42A3-9474-1A3956D46DE8}") = "Task4", "Task4", "{F5845114-DF46-4DF5-A6C6-A993C56C40AC}"
EndProject
Project("{FAE04EC0-301F-11D3-BF4B-00C04F79EFBC}") = "Tyuiu.BilousEYu.Sprint4.Task4.V15", "Tyuiu.BilousEYu.Sprint4.Task4.V15\Tyuiu.BilousEYu.Sprint4.Task4.V15.csproj", "{F13E3F2B-EC9C-48F6-9202-ADB4BE827929}"
EndProject
Project("{FAE04EC0-301F-11D3-BF4B-00C04F79EFBC}") = "Tyuiu.BilousEYu.Sprint4.Task4.V15.Lib", "Tyuiu.BilousEYu.Sprint4.Task4.V15.Lib\Tyuiu.BilousEYu.Sprint4.Task4.V15.Lib.csproj", "{060EB108-D652-458D-90EF-E82B16C65033}"
EndProject
Project("{FAE04EC0-301F-11D3-BF4B-00C04F79EFBC}") = "Tyuiu.BilousEYu.Sprint4.Task4.V15.Test", "Tyuiu.BilousEYu.Sprint4.Task4.V15.Test\Tyuiu.BilousEYu.Sprint4.Task4.V15.Test.csproj", "{E003A1AF-3E4E-4605-85C4-0CB4567D4222}"
EndProject
Project("{2150E333-8FDC-42A3-9474-1A3956D46DE8}") = "Task5", "Task5", "{216B1C5D-9448-4B62-8868-B0D4F9208E8A}"
EndProject
Project("{2150E333-8FDC-42A3-9474-1A3956D46DE8}") = "Task6", "Task6", "{B9949773-F3E3-4890-857A-01B16A7102EE}"
EndProject
Project("{FAE04EC0-301F-11D3-BF4B-00C04F79EFBC}") = "Tyuiu.BilousEYu.Sprint4.Task6.V2", "Tyuiu.BilousEYu.Sprint4.Task6.V2\Tyuiu.BilousEYu.Sprint4.Task6.V2.csproj", "{CD9AC893-8CFB-4F40-BF60-42BA9D9FA376}"
EndProject
Project("{FAE04EC0-301F-11D3-BF4B-00C04F79EFBC}") = "Tyuiu.BilousEYu.Sprint4.Task6.V2.Lib", "Tyuiu.BilousEYu.Sprint4.Task6.V2.Lib\Tyuiu.BilousEYu.Sprint4.Task6.V2.Lib.csproj", "{5A57619B-3618-4226-AE1B-2A916B18D6CA}"
EndProject
Project("{FAE04EC0-301F-11D3-BF4B-00C04F79EFBC}") = "Tyuiu.BilousEYu.Sprint4.Task6.V2.Test", "Tyuiu.BilousEYu.Sprint4.Task6.V2.Test\Tyuiu.BilousEYu.Sprint4.Task6.V2.Test.csproj", "{1C6C92BF-134F-4B65-B480-0AD7185E728E}"
EndProject
Project("{2150E333-8FDC-42A3-9474-1A3956D46DE8}") = "Task7", "Task7", "{9410794B-9F6C-4F2B-B02B-FE4C55A72972}"
EndProject
Project("{FAE04EC0-301F-11D3-BF4B-00C04F79EFBC}") = "Tyuiu.BilousEYu.Sprint4.Task7.V25", "Tyuiu.BilousEYu.Sprint4.Task7.V25\Tyuiu.BilousEYu.Sprint4.Task7.V25.csproj", "{1CF004B8-F881-4BB0-B23C-35EA680673DC}"
EndProject
Project("{FAE04EC0-301F-11D3-BF4B-00C04F79EFBC}") = "Tyuiu.BilousEYu.Sprint4.Task7.V25.Lib", "Tyuiu.BilousEYu.Sprint4.Task7.V25.Lib\Tyuiu.BilousEYu.Sprint4.Task7.V25.Lib.csproj", "{C96D3C17-86D4-4265-8CAD-B40B9E1385B7}"
EndProject
Project("{FAE04EC0-301F-11D3-BF4B-00C04F79EFBC}") = "Tyuiu.BilousEYu.Sprint4.Task7.V25.Test", "Tyuiu.BilousEYu.Sprint4.Task7.V25.Test\Tyuiu.BilousEYu.Sprint4.Task7.V25.Test.csproj", "{21A13C64-FE8F-4FC7-88A0-3871924ADD6D}"
EndProject
Global
	GlobalSection(SolutionConfigurationPlatforms) = preSolution
		Debug|Any CPU = Debug|Any CPU
		Release|Any CPU = Release|Any CPU
	EndGlobalSection
	GlobalSection(ProjectConfigurationPlatforms) = postSolution
		{9A73BB7D-CCDB-4FEE-A061-05FF89E5DF0D}.Debug|Any CPU.ActiveCfg = Debug|Any CPU
		{9A73BB7D-CCDB-4FEE-A061-05FF89E5DF0D}.Debug|Any CPU.Build.0 = Debug|Any CPU
		{9A73BB7D-CCDB-4FEE-A061-05FF89E5DF0D}.Release|Any CPU.ActiveCfg = Release|Any CPU
		{9A73BB7D-CCDB-4FEE-A061-05FF89E5DF0D}.Release|Any CPU.Build.0 = Release|Any CPU
		{A225413E-84CE-4113-8E06-5B5C8FF6A8D3}.Debug|Any CPU.ActiveCfg = Debug|Any CPU
		{A225413E-84CE-4113-8E06-5B5C8FF6A8D3}.Debug|Any CPU.Build.0 = Debug|Any CPU
		{A225413E-84CE-4113-8E06-5B5C8FF6A8D3}.Release|Any CPU.ActiveCfg = Release|Any CPU
		{A225413E-84CE-4113-8E06-5B5C8FF6A8D3}.Release|Any CPU.Build.0 = Release|Any CPU
		{2B57113B-B35F-4324-A07C-0C4665CF29F7}.Debug|Any CPU.ActiveCfg = Debug|Any CPU
		{2B57113B-B35F-4324-A07C-0C4665CF29F7}.Debug|Any CPU.Build.0 = Debug|Any CPU
		{2B57113B-B35F-4324-A07C-0C4665CF29F7}.Release|Any CPU.ActiveCfg = Release|Any CPU
		{2B57113B-B35F-4324-A07C-0C4665CF29F7}.Release|Any CPU.Build.0 = Release|Any CPU
		{B43B0B8B-82D6-4372-81FA-2FFFD12F120C}.Debug|Any CPU.ActiveCfg = Debug|Any CPU
		{B43B0B8B-82D6-4372-81FA-2FFFD12F120C}.Debug|Any CPU.Build.0 = Debug|Any CPU
		{B43B0B8B-82D6-4372-81FA-2FFFD12F120C}.Release|Any CPU.ActiveCfg = Release|Any CPU
		{B43B0B8B-82D6-4372-81FA-2FFFD12F120C}.Release|Any CPU.Build.0 = Release|Any CPU
		{424B38B6-7965-4076-9C54-AF3AB5C3222B}.Debug|Any CPU.ActiveCfg = Debug|Any CPU
		{424B38B6-7965-4076-9C54-AF3AB5C3222B}.Debug|Any CPU.Build.0 = Debug|Any CPU
		{424B38B6-7965-4076-9C54-AF3AB5C3222B}.Release|Any CPU.ActiveCfg = Release|Any CPU
		{424B38B6-7965-4076-9C54-AF3AB5C3222B}.Release|Any CPU.Build.0 = Release|Any CPU
		{230C8E72-1911-4645-8FA2-3806F8E54FA4}.Debug|Any CPU.ActiveCfg = Debug|Any CPU
		{230C8E72-1911-4645-8FA2-3806F8E54FA4}.Debug|Any CPU.Build.0 = Debug|Any CPU
		{230C8E72-1911-4645-8FA2-3806F8E54FA4}.Release|Any CPU.ActiveCfg = Release|Any CPU
		{230C8E72-1911-4645-8FA2-3806F8E54FA4}.Release|Any CPU.Build.0 = Release|Any CPU
		{94313DA0-54FE-4676-95C7-6CF9552FB7A8}.Debug|Any CPU.ActiveCfg = Debug|Any CPU
		{94313DA0-54FE-4676-95C7-6CF9552FB7A8}.Debug|Any CPU.Build.0 = Debug|Any CPU
		{94313DA0-54FE-4676-95C7-6CF9552FB7A8}.Release|Any CPU.ActiveCfg = Release|Any CPU
		{94313DA0-54FE-4676-95C7-6CF9552FB7A8}.Release|Any CPU.Build.0 = Release|Any CPU
		{17090C71-71C3-4EDE-9835-8084BBCBB3CD}.Debug|Any CPU.ActiveCfg = Debug|Any CPU
		{17090C71-71C3-4EDE-9835-8084BBCBB3CD}.Debug|Any CPU.Build.0 = Debug|Any CPU
		{17090C71-71C3-4EDE-9835-8084BBCBB3CD}.Release|Any CPU.ActiveCfg = Release|Any CPU
		{17090C71-71C3-4EDE-9835-8084BBCBB3CD}.Release|Any CPU.Build.0 = Release|Any CPU
		{A477A967-D88E-4E3D-9BE7-6A07F6475ADC}.Debug|Any CPU.ActiveCfg = Debug|Any CPU
		{A477A967-D88E-4E3D-9BE7-6A07F6475ADC}.Debug|Any CPU.Build.0 = Debug|Any CPU
		{A477A967-D88E-4E3D-9BE7-6A07F6475ADC}.Release|Any CPU.ActiveCfg = Release|Any CPU
		{A477A967-D88E-4E3D-9BE7-6A07F6475ADC}.Release|Any CPU.Build.0 = Release|Any CPU
		{0356E2BE-A691-4934-AE4B-75F7454FF9D1}.Debug|Any CPU.ActiveCfg = Debug|Any CPU
		{0356E2BE-A691-4934-AE4B-75F7454FF9D1}.Debug|Any CPU.Build.0 = Debug|Any CPU
		{0356E2BE-A691-4934-AE4B-75F7454FF9D1}.Release|Any CPU.ActiveCfg = Release|Any CPU
		{0356E2BE-A691-4934-AE4B-75F7454FF9D1}.Release|Any CPU.Build.0 = Release|Any CPU
		{1B99F65B-28A8-41AA-A568-2A09F32800BC}.Debug|Any CPU.ActiveCfg = Debug|Any CPU
		{1B99F65B-28A8-41AA-A568-2A09F32800BC}.Debug|Any CPU.Build.0 = Debug|Any CPU
		{1B99F65B-28A8-41AA-A568-2A09F32800BC}.Release|Any CPU.ActiveCfg = Release|Any CPU
		{1B99F65B-28A8-41AA-A568-2A09F32800BC}.Release|Any CPU.Build.0 = Release|Any CPU
		{3CAEE7A4-7270-40D9-899C-70380921FA02}.Debug|Any CPU.ActiveCfg = Debug|Any CPU
		{3CAEE7A4-7270-40D9-899C-70380921FA02}.Debug|Any CPU.Build.0 = Debug|Any CPU
		{3CAEE7A4-7270-40D9-899C-70380921FA02}.Release|Any CPU.ActiveCfg = Release|Any CPU
		{3CAEE7A4-7270-40D9-899C-70380921FA02}.Release|Any CPU.Build.0 = Release|Any CPU
		{F13E3F2B-EC9C-48F6-9202-ADB4BE827929}.Debug|Any CPU.ActiveCfg = Debug|Any CPU
		{F13E3F2B-EC9C-48F6-9202-ADB4BE827929}.Debug|Any CPU.Build.0 = Debug|Any CPU
		{F13E3F2B-EC9C-48F6-9202-ADB4BE827929}.Release|Any CPU.ActiveCfg = Release|Any CPU
		{F13E3F2B-EC9C-48F6-9202-ADB4BE827929}.Release|Any CPU.Build.0 = Release|Any CPU
		{060EB108-D652-458D-90EF-E82B16C65033}.Debug|Any CPU.ActiveCfg = Debug|Any CPU
		{060EB108-D652-458D-90EF-E82B16C65033}.Debug|Any CPU.Build.0 = Debug|Any CPU
		{060EB108-D652-458D-90EF-E82B16C65033}.Release|Any CPU.ActiveCfg = Release|Any CPU
		{060EB108-D652-458D-90EF-E82B16C65033}.Release|Any CPU.Build.0 = Release|Any CPU
		{E003A1AF-3E4E-4605-85C4-0CB4567D4222}.Debug|Any CPU.ActiveCfg = Debug|Any CPU
		{E003A1AF-3E4E-4605-85C4-0CB4567D4222}.Debug|Any CPU.Build.0 = Debug|Any CPU
		{E003A1AF-3E4E-4605-85C4-0CB4567D4222}.Release|Any CPU.ActiveCfg = Release|Any CPU
		{E003A1AF-3E4E-4605-85C4-0CB4567D4222}.Release|Any CPU.Build.0 = Release|Any CPU
		{CD9AC893-8CFB-4F40-BF60-42BA9D9FA376}.Debug|Any CPU.ActiveCfg = Debug|Any CPU
		{CD9AC893-8CFB-4F40-BF60-42BA9D9FA376}.Debug|Any CPU.Build.0 = Debug|Any CPU
		{CD9AC893-8CFB-4F40-BF60-42BA9D9FA376}.Release|Any CPU.ActiveCfg = Release|Any CPU
		{CD9AC893-8CFB-4F40-BF60-42BA9D9FA376}.Release|Any CPU.Build.0 = Release|Any CPU
		{5A57619B-3618-4226-AE1B-2A916B18D6CA}.Debug|Any CPU.ActiveCfg = Debug|Any CPU
		{5A57619B-3618-4226-AE1B-2A916B18D6CA}.Debug|Any CPU.Build.0 = Debug|Any CPU
		{5A57619B-3618-4226-AE1B-2A916B18D6CA}.Release|Any CPU.ActiveCfg = Release|Any CPU
		{5A57619B-3618-4226-AE1B-2A916B18D6CA}.Release|Any CPU.Build.0 = Release|Any CPU
		{1C6C92BF-134F-4B65-B480-0AD7185E728E}.Debug|Any CPU.ActiveCfg = Debug|Any CPU
		{1C6C92BF-134F-4B65-B480-0AD7185E728E}.Debug|Any CPU.Build.0 = Debug|Any CPU
		{1C6C92BF-134F-4B65-B480-0AD7185E728E}.Release|Any CPU.ActiveCfg = Release|Any CPU
		{1C6C92BF-134F-4B65-B480-0AD7185E728E}.Release|Any CPU.Build.0 = Release|Any CPU
		{1CF004B8-F881-4BB0-B23C-35EA680673DC}.Debug|Any CPU.ActiveCfg = Debug|Any CPU
		{1CF004B8-F881-4BB0-B23C-35EA680673DC}.Debug|Any CPU.Build.0 = Debug|Any CPU
		{1CF004B8-F881-4BB0-B23C-35EA680673DC}.Release|Any CPU.ActiveCfg = Release|Any CPU
		{1CF004B8-F881-4BB0-B23C-35EA680673DC}.Release|Any CPU.Build.0 = Release|Any CPU
		{C96D3C17-86D4-4265-8CAD-B40B9E1385B7}.Debug|Any CPU.ActiveCfg = Debug|Any CPU
		{C96D3C17-86D4-4265-8CAD-B40B9E1385B7}.Debug|Any CPU.Build.0 = Debug|Any CPU
		{C96D3C17-86D4-4265-8CAD-B40B9E1385B7}.Release|Any CPU.ActiveCfg = Release|Any CPU
		{C96D3C17-86D4-4265-8CAD-B40B9E1385B7}.Release|Any CPU.Build.0 = Release|Any CPU
		{21A13C64-FE8F-4FC7-88A0-3871924ADD6D}.Debug|Any CPU.ActiveCfg = Debug|Any CPU
		{21A13C64-FE8F-4FC7-88A0-3871924ADD6D}.Debug|Any CPU.Build.0 = Debug|Any CPU
		{21A13C64-FE8F-4FC7-88A0-3871924ADD6D}.Release|Any CPU.ActiveCfg = Release|Any CPU
		{21A13C64-FE8F-4FC7-88A0-3871924ADD6D}.Release|Any CPU.Build.0 = Release|Any CPU
	EndGlobalSection
	GlobalSection(SolutionProperties) = preSolution
		HideSolutionNode = FALSE
	EndGlobalSection
	GlobalSection(NestedProjects) = preSolution
		{9A73BB7D-CCDB-4FEE-A061-05FF89E5DF0D} = {14A20819-D33B-4EDE-A54B-F3D4ADCAEAE5}
		{A225413E-84CE-4113-8E06-5B5C8FF6A8D3} = {14A20819-D33B-4EDE-A54B-F3D4ADCAEAE5}
		{2B57113B-B35F-4324-A07C-0C4665CF29F7} = {14A20819-D33B-4EDE-A54B-F3D4ADCAEAE5}
		{B43B0B8B-82D6-4372-81FA-2FFFD12F120C} = {BFB458DB-C62C-4292-A3CE-1D9D3DB72E16}
		{424B38B6-7965-4076-9C54-AF3AB5C3222B} = {BFB458DB-C62C-4292-A3CE-1D9D3DB72E16}
		{230C8E72-1911-4645-8FA2-3806F8E54FA4} = {BFB458DB-C62C-4292-A3CE-1D9D3DB72E16}
		{94313DA0-54FE-4676-95C7-6CF9552FB7A8} = {579EB1B8-4482-420F-BC56-2BB7739E72FF}
		{17090C71-71C3-4EDE-9835-8084BBCBB3CD} = {579EB1B8-4482-420F-BC56-2BB7739E72FF}
		{A477A967-D88E-4E3D-9BE7-6A07F6475ADC} = {579EB1B8-4482-420F-BC56-2BB7739E72FF}
		{0356E2BE-A691-4934-AE4B-75F7454FF9D1} = {2FCD0F00-49A0-4D96-9920-1630390D52AD}
		{1B99F65B-28A8-41AA-A568-2A09F32800BC} = {2FCD0F00-49A0-4D96-9920-1630390D52AD}
		{3CAEE7A4-7270-40D9-899C-70380921FA02} = {2FCD0F00-49A0-4D96-9920-1630390D52AD}
		{F13E3F2B-EC9C-48F6-9202-ADB4BE827929} = {F5845114-DF46-4DF5-A6C6-A993C56C40AC}
		{060EB108-D652-458D-90EF-E82B16C65033} = {F5845114-DF46-4DF5-A6C6-A993C56C40AC}
		{E003A1AF-3E4E-4605-85C4-0CB4567D4222} = {F5845114-DF46-4DF5-A6C6-A993C56C40AC}
		{CD9AC893-8CFB-4F40-BF60-42BA9D9FA376} = {B9949773-F3E3-4890-857A-01B16A7102EE}
		{5A57619B-3618-4226-AE1B-2A916B18D6CA} = {B9949773-F3E3-4890-857A-01B16A7102EE}
		{1C6C92BF-134F-4B65-B480-0AD7185E728E} = {B9949773-F3E3-4890-857A-01B16A7102EE}
		{1CF004B8-F881-4BB0-B23C-35EA680673DC} = {9410794B-9F6C-4F2B-B02B-FE4C55A72972}
		{C96D3C17-86D4-4265-8CAD-B40B9E1385B7} = {9410794B-9F6C-4F2B-B02B-FE4C55A72972}
		{21A13C64-FE8F-4FC7-88A0-3871924ADD6D} = {9410794B-9F6C-4F2B-B02B-FE4C55A72972}
	EndGlobalSection
	GlobalSection(ExtensibilityGlobals) = postSolution
		SolutionGuid = {F7267CD5-5C00-487D-BFC8-C56633E0D9EC}
	EndGlobalSection
EndGlobal
